
Microsoft Visual Studio Solution File, Format Version 12.00
# Visual Studio Version 17
VisualStudioVersion = 17.10.35004.147
MinimumVisualStudioVersion = 10.0.40219.1
Project("{8BC9CEB8-8B4A-11D0-8D11-00A0C91BC942}") = "Examples", "Examples\Examples.vcxproj", "{3D6A5641-3C09-4E4B-BA94-635664AFA387}"
EndProject
Project("{8BC9CEB8-8B4A-11D0-8D11-00A0C91BC942}") = "MCE", "MCE\MCE.vcxproj", "{96205EA3-2CEF-4DCA-9DAB-F7B89FEBD23E}"
EndProject
Global
	GlobalSection(SolutionConfigurationPlatforms) = preSolution
		Debug|x64 = Debug|x64
		Release|x64 = Release|x64
	EndGlobalSection
	GlobalSection(ProjectConfigurationPlatforms) = postSolution
		{3D6A5641-3C09-4E4B-BA94-635664AFA387}.Debug|x64.ActiveCfg = Debug|x64
		{3D6A5641-3C09-4E4B-BA94-635664AFA387}.Debug|x64.Build.0 = Debug|x64
		{3D6A5641-3C09-4E4B-BA94-635664AFA387}.Release|x64.ActiveCfg = Release|x64
		{3D6A5641-3C09-4E4B-BA94-635664AFA387}.Release|x64.Build.0 = Release|x64
		{96205EA3-2CEF-4DCA-9DAB-F7B89FEBD23E}.Debug|x64.ActiveCfg = Debug|x64
		{96205EA3-2CEF-4DCA-9DAB-F7B89FEBD23E}.Debug|x64.Build.0 = Debug|x64
		{96205EA3-2CEF-4DCA-9DAB-F7B89FEBD23E}.Release|x64.ActiveCfg = Release|x64
		{96205EA3-2CEF-4DCA-9DAB-F7B89FEBD23E}.Release|x64.Build.0 = Release|x64
	EndGlobalSection
	GlobalSection(SolutionProperties) = preSolution
		HideSolutionNode = FALSE
	EndGlobalSection
	GlobalSection(ExtensibilityGlobals) = postSolution
		SolutionGuid = {90589D0D-D02C-4642-9896-C6CE1BD08FB6}
	EndGlobalSection
EndGlobal
