<?xml version="1.0" encoding="utf-8"?>
<Project ToolsVersion="4.0" xmlns="http://schemas.microsoft.com/developer/msbuild/2003">
  <ItemGroup>
    <Filter Include="MCE">
      <UniqueIdentifier>{5A03880B-C60C-887C-4F88-9E7CBB90937C}</UniqueIdentifier>
    </Filter>
  </ItemGroup>
  <ItemGroup>
    <ClInclude Include="Source\MCE.h" />
    <ClInclude Include="Source\MCE\Application.h">
      <Filter>MCE</Filter>
    </ClInclude>
    <ClInclude Include="Source\MCE\Core.h">
      <Filter>MCE</Filter>
    </ClInclude>
    <ClInclude Include="Source\MCE\EntryPoint.h">
      <Filter>MCE</Filter>
    </ClInclude>
    <ClInclude Include="Source\MCE\Log.h">
      <Filter>MCE</Filter>
    </ClInclude>
  </ItemGroup>
  <ItemGroup>
    <ClCompile Include="Source\MCE\Application.cpp">
      <Filter>MCE</Filter>
    </ClCompile>
    <ClCompile Include="Source\MCE\Log.cpp">
      <Filter>MCE</Filter>
    </ClCompile>
  </ItemGroup>
</Project>